
Microsoft Visual Studio Solution File, Format Version 12.00
# Visual Studio Version 17
VisualStudioVersion = 17.5.33627.172
MinimumVisualStudioVersion = 10.0.40219.1
Project("{FAE04EC0-301F-11D3-BF4B-00C04F79EFBC}") = "KursProj", "KursProj\KursProj.csproj", "{2CE4B635-5EFB-41D6-8700-A8DAEED2DF9F}"
EndProject
Global
	GlobalSection(SolutionConfigurationPlatforms) = preSolution
		Debug|Any CPU = Debug|Any CPU
		Release|Any CPU = Release|Any CPU
	EndGlobalSection
	GlobalSection(ProjectConfigurationPlatforms) = postSolution
		{2CE4B635-5EFB-41D6-8700-A8DAEED2DF9F}.Debug|Any CPU.ActiveCfg = Debug|Any CPU
		{2CE4B635-5EFB-41D6-8700-A8DAEED2DF9F}.Debug|Any CPU.Build.0 = Debug|Any CPU
		{2CE4B635-5EFB-41D6-8700-A8DAEED2DF9F}.Release|Any CPU.ActiveCfg = Release|Any CPU
		{2CE4B635-5EFB-41D6-8700-A8DAEED2DF9F}.Release|Any CPU.Build.0 = Release|Any CPU
	EndGlobalSection
	GlobalSection(SolutionProperties) = preSolution
		HideSolutionNode = FALSE
	EndGlobalSection
	GlobalSection(ExtensibilityGlobals) = postSolution
		SolutionGuid = {02D9F83F-C2BB-4D34-9879-A4C144E9999A}
	EndGlobalSection
EndGlobal
